{
  "version": 1,
  "dependencies": {
    "net10.0-windows7.0": {
      "DotMake.CommandLine": {
        "type": "Direct",
        "requested": "[3.1.0, )",
        "resolved": "3.1.0",
        "contentHash": "n9l6n2jl2vZpAWhjt+UGe8dm1t/w1hfcZoldBPSfWWj+5EBMVbMsn3jdWJTww2bdMx4yT3wix4J3GH4qi96LZw==",
        "dependencies": {
          "System.CommandLine": "2.0.0"
        }
      },
      "MinVer": {
        "type": "Direct",
        "requested": "[6.1.0, )",
        "resolved": "6.1.0",
        "contentHash": "dGyb6EBQ87AhyagcXslfDGL/A+xbNtRD23CBjXoKo82TvjHqF2BBz61B6EBx/S117KUMB1PEUpRLrHcu6UjOhg=="
      },
      "Tomlyn": {
        "type": "Direct",
        "requested": "[0.19.0, )",
        "resolved": "0.19.0",
        "contentHash": "GlI2o8R8jbZIaE+YX6uA/VoAOH7zIxYeqxDm7jHW2hqUhuB+q19oKold35FkMuv8IZDoCqsTMolaBv2eBLBmrQ=="
      },
      "WixSharp.Core": {
        "type": "Direct",
        "requested": "[2.12.0, )",
        "resolved": "2.12.0",
        "contentHash": "2DKdtTVRHMISk4jQMEUrSSjL7jkCrDUGusqigVH5obKe6gdwImcMY/D2qcT9dadlqWqCvHJA82TWO3gWb8eUtg==",
        "dependencies": {
          "WixSharp.Msi.Core": "2.12.0",
          "WixToolset.Dtf.WindowsInstaller": "4.0.4",
          "WixToolset.Mba.Core": "4.0.4"
        }
      },
      "System.CommandLine": {
        "type": "Transitive",
        "resolved": "2.0.0",
        "contentHash": "Bjklzc5NoxqAGFi7BcGlY2TWAdB06Bq3a5sfRr3ubMRU80Mf98eyq3Y2UgR6xRV0TLznZmfe5T7mUjOunRNcdA=="
      },
      "WixSharp.Msi.Core": {
        "type": "Transitive",
        "resolved": "2.12.0",
        "contentHash": "dcV1uUUHoa9rBo5ipgvhLoeUwfw4jIA00upAxdPzdbpFwUufZBZP087W4+uQ2sWFJQUdbvCbd4rqLyHl3M0YYQ=="
      },
      "WixToolset.Dtf.WindowsInstaller": {
        "type": "Transitive",
        "resolved": "4.0.4",
        "contentHash": "UdwgCxyH2SZBKuUOb3ARTbIMqfqp77ShiOxmb/D98qNQjQqQS6lJXNKiVuySVs0gw9eY149T/5mA5aOh+detLg=="
      },
      "WixToolset.Mba.Core": {
        "type": "Transitive",
        "resolved": "4.0.4",
        "contentHash": "yGnvUE6ffRDjCR1NHJLPzm0GNgrSRm8Vc9yAh68xjo7Ag93LXqRIzD8YoD+jm1dy0kQzuhBKSqfNh1+jgBanlg=="
      }
    },
    "net10.0-windows7.0/any": {
      "WixToolset.Mba.Core": {
        "type": "Transitive",
        "resolved": "4.0.4",
        "contentHash": "yGnvUE6ffRDjCR1NHJLPzm0GNgrSRm8Vc9yAh68xjo7Ag93LXqRIzD8YoD+jm1dy0kQzuhBKSqfNh1+jgBanlg=="
      }
    },
    "net10.0-windows7.0/win-arm64": {
      "WixToolset.Mba.Core": {
        "type": "Transitive",
        "resolved": "4.0.4",
        "contentHash": "yGnvUE6ffRDjCR1NHJLPzm0GNgrSRm8Vc9yAh68xjo7Ag93LXqRIzD8YoD+jm1dy0kQzuhBKSqfNh1+jgBanlg=="
      }
    },
    "net10.0-windows7.0/win-x64": {
      "WixToolset.Mba.Core": {
        "type": "Transitive",
        "resolved": "4.0.4",
        "contentHash": "yGnvUE6ffRDjCR1NHJLPzm0GNgrSRm8Vc9yAh68xjo7Ag93LXqRIzD8YoD+jm1dy0kQzuhBKSqfNh1+jgBanlg=="
      }
    },
    "net10.0-windows7.0/win-x86": {
      "WixToolset.Mba.Core": {
        "type": "Transitive",
        "resolved": "4.0.4",
        "contentHash": "yGnvUE6ffRDjCR1NHJLPzm0GNgrSRm8Vc9yAh68xjo7Ag93LXqRIzD8YoD+jm1dy0kQzuhBKSqfNh1+jgBanlg=="
      }
    }
  }
}